
Microsoft Visual Studio Solution File, Format Version 12.00
# Visual Studio Version 16
VisualStudioVersion = 16.0.33423.256
MinimumVisualStudioVersion = 10.0.40219.1
Project("{FAE04EC0-301F-11D3-BF4B-00C04F79EFBC}") = "Nums_from_1-10", "Nums_from_1-10\Nums_from_1-10.csproj", "{CA8E066E-136F-4C82-82CA-4A2369DC7DEB}"
EndProject
Global
	GlobalSection(SolutionConfigurationPlatforms) = preSolution
		Debug|Any CPU = Debug|Any CPU
		Release|Any CPU = Release|Any CPU
	EndGlobalSection
	GlobalSection(ProjectConfigurationPlatforms) = postSolution
		{CA8E066E-136F-4C82-82CA-4A2369DC7DEB}.Debug|Any CPU.ActiveCfg = Debug|Any CPU
		{CA8E066E-136F-4C82-82CA-4A2369DC7DEB}.Debug|Any CPU.Build.0 = Debug|Any CPU
		{CA8E066E-136F-4C82-82CA-4A2369DC7DEB}.Release|Any CPU.ActiveCfg = Release|Any CPU
		{CA8E066E-136F-4C82-82CA-4A2369DC7DEB}.Release|Any CPU.Build.0 = Release|Any CPU
	EndGlobalSection
	GlobalSection(SolutionProperties) = preSolution
		HideSolutionNode = FALSE
	EndGlobalSection
	GlobalSection(ExtensibilityGlobals) = postSolution
		SolutionGuid = {773B27BC-AF9E-494D-9298-970CAF29F068}
	EndGlobalSection
EndGlobal
